
Microsoft Visual Studio Solution File, Format Version 12.00
# Visual Studio Version 17
VisualStudioVersion = 17.1.32228.430
MinimumVisualStudioVersion = 10.0.40219.1
Project("{FAE04EC0-301F-11D3-BF4B-00C04F79EFBC}") = "zadanie5", "zadanie5\zadanie5.csproj", "{9B3DBA59-1319-4A76-A316-314243CB257F}"
EndProject
Global
	GlobalSection(SolutionConfigurationPlatforms) = preSolution
		Debug|Any CPU = Debug|Any CPU
		Release|Any CPU = Release|Any CPU
	EndGlobalSection
	GlobalSection(ProjectConfigurationPlatforms) = postSolution
		{9B3DBA59-1319-4A76-A316-314243CB257F}.Debug|Any CPU.ActiveCfg = Debug|Any CPU
		{9B3DBA59-1319-4A76-A316-314243CB257F}.Debug|Any CPU.Build.0 = Debug|Any CPU
		{9B3DBA59-1319-4A76-A316-314243CB257F}.Release|Any CPU.ActiveCfg = Release|Any CPU
		{9B3DBA59-1319-4A76-A316-314243CB257F}.Release|Any CPU.Build.0 = Release|Any CPU
	EndGlobalSection
	GlobalSection(SolutionProperties) = preSolution
		HideSolutionNode = FALSE
	EndGlobalSection
	GlobalSection(ExtensibilityGlobals) = postSolution
		SolutionGuid = {A6AEC26F-A328-4C01-9A94-8AC77DF9B265}
	EndGlobalSection
EndGlobal
